Microsoft Visual Studio Solution File, Format Version 12.00
# Visual Studio Version 17
VisualStudioVersion = 17.5.2.0
MinimumVisualStudioVersion = 10.0.40219.1
Project("{FAE04EC0-301F-11D3-BF4B-00C04F79EFBC}") = "TimeTrainer", "TimeTrainer.csproj", "{FD28FBDB-D7A3-A614-3149-0DFD8B8955A4}"
EndProject
Global
	GlobalSection(SolutionConfigurationPlatforms) = preSolution
		Debug|Any CPU = Debug|Any CPU
		Release|Any CPU = Release|Any CPU
	EndGlobalSection
	GlobalSection(ProjectConfigurationPlatforms) = postSolution
		{FD28FBDB-D7A3-A614-3149-0DFD8B8955A4}.Debug|Any CPU.ActiveCfg = Debug|Any CPU
		{FD28FBDB-D7A3-A614-3149-0DFD8B8955A4}.Debug|Any CPU.Build.0 = Debug|Any CPU
		{FD28FBDB-D7A3-A614-3149-0DFD8B8955A4}.Release|Any CPU.ActiveCfg = Release|Any CPU
		{FD28FBDB-D7A3-A614-3149-0DFD8B8955A4}.Release|Any CPU.Build.0 = Release|Any CPU
	EndGlobalSection
	GlobalSection(SolutionProperties) = preSolution
		HideSolutionNode = FALSE
	EndGlobalSection
	GlobalSection(ExtensibilityGlobals) = postSolution
		SolutionGuid = {1DE5A3E0-A10A-4F22-9931-BCA12AC1B0AF}
	EndGlobalSection
EndGlobal
